<?xml version="1.0" encoding="utf-8"?>
<Project ToolsVersion="4.0" xmlns="http://schemas.microsoft.com/developer/msbuild/2003">
  <ItemGroup>
    <Filter Include="Source Files">
      <UniqueIdentifier>{4FC737F1-C7A5-4376-A066-2A32D752A2FF}</UniqueIdentifier>
      <Extensions>cpp;c;cc;cxx;def;odl;idl;hpj;bat;asm;asmx</Extensions>
    </Filter>
    <Filter Include="Header Files">
      <UniqueIdentifier>{93995380-89BD-4b04-88EB-625FBE52EBFB}</UniqueIdentifier>
      <Extensions>h;hh;hpp;hxx;hm;inl;inc;ipp;xsd</Extensions>
    </Filter>
    <Filter Include="Resource Files">
      <UniqueIdentifier>{67DA6AB6-F800-4c08-8B7A-83BB121AAD01}</UniqueIdentifier>
      <Extensions>rc;ico;cur;bmp;dlg;rc2;rct;bin;rgs;gif;jpg;jpeg;jpe;resx;tiff;tif;png;wav;mfcribbon-ms</Extensions>
    </Filter>
  </ItemGroup>
  <ItemGroup>
    <ClInclude Include="pch.h">
      <Filter>Header Files</Filter>
    </ClInclude>
    <ClInclude Include="Cell.h">
      <Filter>Header Files</Filter>
    </ClInclude>
    <ClInclude Include="GameEntity.h">
      <Filter>Header Files</Filter>
    </ClInclude>
    <ClInclude Include="Enemy.h">
      <Filter>Header Files</Filter>
    </ClInclude>
    <ClInclude Include="EnemyConfig.h">
      <Filter>Header Files</Filter>
    </ClInclude>
    <ClInclude Include="GameMap.h">
      <Filter>Header Files</Filter>
    </ClInclude>
    <ClInclude Include="IGameManager.h">
      <Filter>Header Files</Filter>
    </ClInclude>
    <ClInclude Include="TowerDefenseGameManager.h">
      <Filter>Header Files</Filter>
    </ClInclude>
    <ClInclude Include="App.h">
      <Filter>Header Files</Filter>
    </ClInclude>
    <ClInclude Include="Window.h">
      <Filter>Header Files</Filter>
    </ClInclude>
    <ClInclude Include="Sprite.h">
      <Filter>Header Files</Filter>
    </ClInclude>
    <ClInclude Include="Renderer.h">
      <Filter>Header Files</Filter>
    </ClInclude>
    <ClInclude Include="EnemyArmy.h">
      <Filter>Header Files</Filter>
    </ClInclude>
    <ClInclude Include="HUDButton.h">
      <Filter>Header Files</Filter>
    </ClInclude>
    <ClInclude Include="HUBWindow.h">
      <Filter>Header Files</Filter>
    </ClInclude>
    <ClInclude Include="PlayerHUB.h">
      <Filter>Header Files</Filter>
    </ClInclude>
    <ClInclude Include="Player.h">
      <Filter>Header Files</Filter>
    </ClInclude>
    <ClInclude Include="MouseClickEvent.h">
      <Filter>Header Files</Filter>
    </ClInclude>
    <ClInclude Include="KeyBoardEvent.h">
      <Filter>Header Files</Filter>
    </ClInclude>
    <ClInclude Include="InputScanner.h">
      <Filter>Header Files</Filter>
    </ClInclude>
    <ClInclude Include="ConfigTower.h">
      <Filter>Header Files</Filter>
    </ClInclude>
    <ClInclude Include="ITower.h">
      <Filter>Header Files</Filter>
    </ClInclude>
    <ClInclude Include="RegularTower.h">
      <Filter>Header Files</Filter>
    </ClInclude>
    <ClInclude Include="ExplosiveTower.h">
      <Filter>Header Files</Filter>
    </ClInclude>
    <ClInclude Include="StunTower.h">
      <Filter>Header Files</Filter>
    </ClInclude>
    <ClInclude Include="PathFinding.h">
      <Filter>Header Files</Filter>
    </ClInclude>
    <ClInclude Include="HealerEnemy.h">
      <Filter>Header Files</Filter>
    </ClInclude>
    <ClInclude Include="ScoutEnemy.h">
      <Filter>Header Files</Filter>
    </ClInclude>
    <ClInclude Include="TankEnemy.h">
      <Filter>Header Files</Filter>
    </ClInclude>
    <ClInclude Include="Bullet.h">
      <Filter>Header Files</Filter>
    </ClInclude>
  </ItemGroup>
  <ItemGroup>
    <ClCompile Include="pch.cpp">
      <Filter>Source Files</Filter>
    </ClCompile>
    <ClCompile Include="SFMLTest.cpp">
      <Filter>Source Files</Filter>
    </ClCompile>
    <ClCompile Include="Cell.cpp">
      <Filter>Source Files</Filter>
    </ClCompile>
    <ClCompile Include="GameMap.cpp">
      <Filter>Source Files</Filter>
    </ClCompile>
    <ClCompile Include="GameEntity.cpp">
      <Filter>Source Files</Filter>
    </ClCompile>
    <ClCompile Include="Enemy.cpp">
      <Filter>Source Files</Filter>
    </ClCompile>
    <ClCompile Include="EnemyConfig.cpp">
      <Filter>Source Files</Filter>
    </ClCompile>
    <ClCompile Include="IGameManager.cpp">
      <Filter>Source Files</Filter>
    </ClCompile>
    <ClCompile Include="TowerDefenseGameManager.cpp">
      <Filter>Source Files</Filter>
    </ClCompile>
    <ClCompile Include="App.cpp">
      <Filter>Source Files</Filter>
    </ClCompile>
    <ClCompile Include="Window.cpp">
      <Filter>Source Files</Filter>
    </ClCompile>
    <ClCompile Include="Sprite.cpp">
      <Filter>Source Files</Filter>
    </ClCompile>
    <ClCompile Include="Renderer.cpp">
      <Filter>Source Files</Filter>
    </ClCompile>
    <ClCompile Include="EnemyArmy.cpp">
      <Filter>Source Files</Filter>
    </ClCompile>
    <ClCompile Include="HUDButton.cpp">
      <Filter>Source Files</Filter>
    </ClCompile>
    <ClCompile Include="HUBWindow.cpp">
      <Filter>Source Files</Filter>
    </ClCompile>
    <ClCompile Include="PlayerHUB.cpp">
      <Filter>Source Files</Filter>
    </ClCompile>
    <ClCompile Include="Player.cpp">
      <Filter>Source Files</Filter>
    </ClCompile>
    <ClCompile Include="MouseClickEvent.cpp">
      <Filter>Source Files</Filter>
    </ClCompile>
    <ClCompile Include="KeyBoardEvent.cpp">
      <Filter>Source Files</Filter>
    </ClCompile>
    <ClCompile Include="InputScanner.cpp">
      <Filter>Source Files</Filter>
    </ClCompile>
    <ClCompile Include="ConfigTower.cpp">
      <Filter>Source Files</Filter>
    </ClCompile>
    <ClCompile Include="ITower.cpp">
      <Filter>Source Files</Filter>
    </ClCompile>
    <ClCompile Include="RegularTower.cpp">
      <Filter>Source Files</Filter>
    </ClCompile>
    <ClCompile Include="ExplosiveTower.cpp">
      <Filter>Source Files</Filter>
    </ClCompile>
    <ClCompile Include="StunTower.cpp">
      <Filter>Source Files</Filter>
    </ClCompile>
    <ClCompile Include="PathFinding.cpp">
      <Filter>Source Files</Filter>
    </ClCompile>
    <ClCompile Include="HealerEnemy.cpp">
      <Filter>Source Files</Filter>
    </ClCompile>
    <ClCompile Include="ScoutEnemy.cpp">
      <Filter>Source Files</Filter>
    </ClCompile>
    <ClCompile Include="TankEnemy.cpp">
      <Filter>Source Files</Filter>
    </ClCompile>
    <ClCompile Include="Bullet.cpp">
      <Filter>Source Files</Filter>
    </ClCompile>
  </ItemGroup>
</Project>